
Microsoft Visual Studio Solution File, Format Version 12.00
# Visual Studio 14
VisualStudioVersion = 14.0.25420.1
MinimumVisualStudioVersion = 10.0.40219.1
Project("{FAE04EC0-301F-11D3-BF4B-00C04F79EFBC}") = "EduCare.DesignPatterns.Singleton", "EduCare.DesignPatterns.Singleton\EduCare.DesignPatterns.Singleton.csproj", "{BE2C4B7D-7055-4673-9F5A-D9C1355AF711}"
EndProject
Project("{FAE04EC0-301F-11D3-BF4B-00C04F79EFBC}") = "EduCare.DesignPatterns.Facade", "EduCare.DesignPatterns.Facade\EduCare.DesignPatterns.Facade.csproj", "{CDF481EB-23A9-4229-8A26-14A3D824E076}"
EndProject
Project("{FAE04EC0-301F-11D3-BF4B-00C04F79EFBC}") = "EduCare.DesignPatterns.Factory", "EduCare.DesignPatterns.Factory\EduCare.DesignPatterns.Factory.csproj", "{81FCCD70-773E-4639-905E-6266056D6D18}"
EndProject
Project("{FAE04EC0-301F-11D3-BF4B-00C04F79EFBC}") = "EduCare.DesignPatterns.Strategy", "EduCare.DesignPatterns.Strategy\EduCare.DesignPatterns.Strategy.csproj", "{DC3D744B-CF9E-42A8-9C3B-565ADE1368A8}"
EndProject
Project("{FAE04EC0-301F-11D3-BF4B-00C04F79EFBC}") = "EduCare.DesignPatterns.Composite", "EduCare.DesignPatterns.Composite\EduCare.DesignPatterns.Composite.csproj", "{1C90FC82-70B5-41FD-A910-DB61C2FAAB69}"
EndProject
Project("{2150E333-8FDC-42A3-9474-1A3956D46DE8}") = "Composite", "Composite", "{3568C54D-2FFE-44F5-82AF-EE7890E897EA}"
EndProject
Project("{FAE04EC0-301F-11D3-BF4B-00C04F79EFBC}") = "EduCare.DesignPatterns.Composite.RealWorld", "EduCare.DesignPatterns.Composite.RealWorld\EduCare.DesignPatterns.Composite.RealWorld.csproj", "{E56B69DB-521E-4B39-B6DF-DF2228D88312}"
EndProject
Project("{FAE04EC0-301F-11D3-BF4B-00C04F79EFBC}") = "EduCare.DesignPatterns.Builder", "EduCare.DesignPatterns.Builder\EduCare.DesignPatterns.Builder.csproj", "{4E01C312-2803-421A-817F-8F7E3D40C505}"
EndProject
Global
	GlobalSection(SolutionConfigurationPlatforms) = preSolution
		Debug|Any CPU = Debug|Any CPU
		Debug|ARM = Debug|ARM
		Debug|x64 = Debug|x64
		Debug|x86 = Debug|x86
		Release|Any CPU = Release|Any CPU
		Release|ARM = Release|ARM
		Release|x64 = Release|x64
		Release|x86 = Release|x86
	EndGlobalSection
	GlobalSection(ProjectConfigurationPlatforms) = postSolution
		{BE2C4B7D-7055-4673-9F5A-D9C1355AF711}.Debug|Any CPU.ActiveCfg = Debug|Any CPU
		{BE2C4B7D-7055-4673-9F5A-D9C1355AF711}.Debug|Any CPU.Build.0 = Debug|Any CPU
		{BE2C4B7D-7055-4673-9F5A-D9C1355AF711}.Debug|ARM.ActiveCfg = Debug|Any CPU
		{BE2C4B7D-7055-4673-9F5A-D9C1355AF711}.Debug|x64.ActiveCfg = Debug|Any CPU
		{BE2C4B7D-7055-4673-9F5A-D9C1355AF711}.Debug|x86.ActiveCfg = Debug|Any CPU
		{BE2C4B7D-7055-4673-9F5A-D9C1355AF711}.Release|Any CPU.ActiveCfg = Release|Any CPU
		{BE2C4B7D-7055-4673-9F5A-D9C1355AF711}.Release|Any CPU.Build.0 = Release|Any CPU
		{BE2C4B7D-7055-4673-9F5A-D9C1355AF711}.Release|ARM.ActiveCfg = Release|Any CPU
		{BE2C4B7D-7055-4673-9F5A-D9C1355AF711}.Release|x64.ActiveCfg = Release|Any CPU
		{BE2C4B7D-7055-4673-9F5A-D9C1355AF711}.Release|x86.ActiveCfg = Release|Any CPU
		{CDF481EB-23A9-4229-8A26-14A3D824E076}.Debug|Any CPU.ActiveCfg = Debug|Any CPU
		{CDF481EB-23A9-4229-8A26-14A3D824E076}.Debug|Any CPU.Build.0 = Debug|Any CPU
		{CDF481EB-23A9-4229-8A26-14A3D824E076}.Debug|ARM.ActiveCfg = Debug|Any CPU
		{CDF481EB-23A9-4229-8A26-14A3D824E076}.Debug|x64.ActiveCfg = Debug|Any CPU
		{CDF481EB-23A9-4229-8A26-14A3D824E076}.Debug|x86.ActiveCfg = Debug|Any CPU
		{CDF481EB-23A9-4229-8A26-14A3D824E076}.Release|Any CPU.ActiveCfg = Release|Any CPU
		{CDF481EB-23A9-4229-8A26-14A3D824E076}.Release|Any CPU.Build.0 = Release|Any CPU
		{CDF481EB-23A9-4229-8A26-14A3D824E076}.Release|ARM.ActiveCfg = Release|Any CPU
		{CDF481EB-23A9-4229-8A26-14A3D824E076}.Release|x64.ActiveCfg = Release|Any CPU
		{CDF481EB-23A9-4229-8A26-14A3D824E076}.Release|x86.ActiveCfg = Release|Any CPU
		{81FCCD70-773E-4639-905E-6266056D6D18}.Debug|Any CPU.ActiveCfg = Debug|Any CPU
		{81FCCD70-773E-4639-905E-6266056D6D18}.Debug|Any CPU.Build.0 = Debug|Any CPU
		{81FCCD70-773E-4639-905E-6266056D6D18}.Debug|ARM.ActiveCfg = Debug|Any CPU
		{81FCCD70-773E-4639-905E-6266056D6D18}.Debug|x64.ActiveCfg = Debug|Any CPU
		{81FCCD70-773E-4639-905E-6266056D6D18}.Debug|x86.ActiveCfg = Debug|Any CPU
		{81FCCD70-773E-4639-905E-6266056D6D18}.Release|Any CPU.ActiveCfg = Release|Any CPU
		{81FCCD70-773E-4639-905E-6266056D6D18}.Release|Any CPU.Build.0 = Release|Any CPU
		{81FCCD70-773E-4639-905E-6266056D6D18}.Release|ARM.ActiveCfg = Release|Any CPU
		{81FCCD70-773E-4639-905E-6266056D6D18}.Release|x64.ActiveCfg = Release|Any CPU
		{81FCCD70-773E-4639-905E-6266056D6D18}.Release|x86.ActiveCfg = Release|Any CPU
		{DC3D744B-CF9E-42A8-9C3B-565ADE1368A8}.Debug|Any CPU.ActiveCfg = Debug|Any CPU
		{DC3D744B-CF9E-42A8-9C3B-565ADE1368A8}.Debug|Any CPU.Build.0 = Debug|Any CPU
		{DC3D744B-CF9E-42A8-9C3B-565ADE1368A8}.Debug|ARM.ActiveCfg = Debug|Any CPU
		{DC3D744B-CF9E-42A8-9C3B-565ADE1368A8}.Debug|x64.ActiveCfg = Debug|Any CPU
		{DC3D744B-CF9E-42A8-9C3B-565ADE1368A8}.Debug|x86.ActiveCfg = Debug|Any CPU
		{DC3D744B-CF9E-42A8-9C3B-565ADE1368A8}.Release|Any CPU.ActiveCfg = Release|Any CPU
		{DC3D744B-CF9E-42A8-9C3B-565ADE1368A8}.Release|Any CPU.Build.0 = Release|Any CPU
		{DC3D744B-CF9E-42A8-9C3B-565ADE1368A8}.Release|ARM.ActiveCfg = Release|Any CPU
		{DC3D744B-CF9E-42A8-9C3B-565ADE1368A8}.Release|x64.ActiveCfg = Release|Any CPU
		{DC3D744B-CF9E-42A8-9C3B-565ADE1368A8}.Release|x86.ActiveCfg = Release|Any CPU
		{1C90FC82-70B5-41FD-A910-DB61C2FAAB69}.Debug|Any CPU.ActiveCfg = Debug|Any CPU
		{1C90FC82-70B5-41FD-A910-DB61C2FAAB69}.Debug|Any CPU.Build.0 = Debug|Any CPU
		{1C90FC82-70B5-41FD-A910-DB61C2FAAB69}.Debug|ARM.ActiveCfg = Debug|Any CPU
		{1C90FC82-70B5-41FD-A910-DB61C2FAAB69}.Debug|ARM.Build.0 = Debug|Any CPU
		{1C90FC82-70B5-41FD-A910-DB61C2FAAB69}.Debug|x64.ActiveCfg = Debug|Any CPU
		{1C90FC82-70B5-41FD-A910-DB61C2FAAB69}.Debug|x64.Build.0 = Debug|Any CPU
		{1C90FC82-70B5-41FD-A910-DB61C2FAAB69}.Debug|x86.ActiveCfg = Debug|Any CPU
		{1C90FC82-70B5-41FD-A910-DB61C2FAAB69}.Debug|x86.Build.0 = Debug|Any CPU
		{1C90FC82-70B5-41FD-A910-DB61C2FAAB69}.Release|Any CPU.ActiveCfg = Release|Any CPU
		{1C90FC82-70B5-41FD-A910-DB61C2FAAB69}.Release|Any CPU.Build.0 = Release|Any CPU
		{1C90FC82-70B5-41FD-A910-DB61C2FAAB69}.Release|ARM.ActiveCfg = Release|Any CPU
		{1C90FC82-70B5-41FD-A910-DB61C2FAAB69}.Release|ARM.Build.0 = Release|Any CPU
		{1C90FC82-70B5-41FD-A910-DB61C2FAAB69}.Release|x64.ActiveCfg = Release|Any CPU
		{1C90FC82-70B5-41FD-A910-DB61C2FAAB69}.Release|x64.Build.0 = Release|Any CPU
		{1C90FC82-70B5-41FD-A910-DB61C2FAAB69}.Release|x86.ActiveCfg = Release|Any CPU
		{1C90FC82-70B5-41FD-A910-DB61C2FAAB69}.Release|x86.Build.0 = Release|Any CPU
		{E56B69DB-521E-4B39-B6DF-DF2228D88312}.Debug|Any CPU.ActiveCfg = Debug|Any CPU
		{E56B69DB-521E-4B39-B6DF-DF2228D88312}.Debug|Any CPU.Build.0 = Debug|Any CPU
		{E56B69DB-521E-4B39-B6DF-DF2228D88312}.Debug|ARM.ActiveCfg = Debug|Any CPU
		{E56B69DB-521E-4B39-B6DF-DF2228D88312}.Debug|ARM.Build.0 = Debug|Any CPU
		{E56B69DB-521E-4B39-B6DF-DF2228D88312}.Debug|x64.ActiveCfg = Debug|Any CPU
		{E56B69DB-521E-4B39-B6DF-DF2228D88312}.Debug|x64.Build.0 = Debug|Any CPU
		{E56B69DB-521E-4B39-B6DF-DF2228D88312}.Debug|x86.ActiveCfg = Debug|Any CPU
		{E56B69DB-521E-4B39-B6DF-DF2228D88312}.Debug|x86.Build.0 = Debug|Any CPU
		{E56B69DB-521E-4B39-B6DF-DF2228D88312}.Release|Any CPU.ActiveCfg = Release|Any CPU
		{E56B69DB-521E-4B39-B6DF-DF2228D88312}.Release|Any CPU.Build.0 = Release|Any CPU
		{E56B69DB-521E-4B39-B6DF-DF2228D88312}.Release|ARM.ActiveCfg = Release|Any CPU
		{E56B69DB-521E-4B39-B6DF-DF2228D88312}.Release|ARM.Build.0 = Release|Any CPU
		{E56B69DB-521E-4B39-B6DF-DF2228D88312}.Release|x64.ActiveCfg = Release|Any CPU
		{E56B69DB-521E-4B39-B6DF-DF2228D88312}.Release|x64.Build.0 = Release|Any CPU
		{E56B69DB-521E-4B39-B6DF-DF2228D88312}.Release|x86.ActiveCfg = Release|Any CPU
		{E56B69DB-521E-4B39-B6DF-DF2228D88312}.Release|x86.Build.0 = Release|Any CPU
		{4E01C312-2803-421A-817F-8F7E3D40C505}.Debug|Any CPU.ActiveCfg = Debug|Any CPU
		{4E01C312-2803-421A-817F-8F7E3D40C505}.Debug|Any CPU.Build.0 = Debug|Any CPU
		{4E01C312-2803-421A-817F-8F7E3D40C505}.Debug|ARM.ActiveCfg = Debug|Any CPU
		{4E01C312-2803-421A-817F-8F7E3D40C505}.Debug|ARM.Build.0 = Debug|Any CPU
		{4E01C312-2803-421A-817F-8F7E3D40C505}.Debug|x64.ActiveCfg = Debug|Any CPU
		{4E01C312-2803-421A-817F-8F7E3D40C505}.Debug|x64.Build.0 = Debug|Any CPU
		{4E01C312-2803-421A-817F-8F7E3D40C505}.Debug|x86.ActiveCfg = Debug|Any CPU
		{4E01C312-2803-421A-817F-8F7E3D40C505}.Debug|x86.Build.0 = Debug|Any CPU
		{4E01C312-2803-421A-817F-8F7E3D40C505}.Release|Any CPU.ActiveCfg = Release|Any CPU
		{4E01C312-2803-421A-817F-8F7E3D40C505}.Release|Any CPU.Build.0 = Release|Any CPU
		{4E01C312-2803-421A-817F-8F7E3D40C505}.Release|ARM.ActiveCfg = Release|Any CPU
		{4E01C312-2803-421A-817F-8F7E3D40C505}.Release|ARM.Build.0 = Release|Any CPU
		{4E01C312-2803-421A-817F-8F7E3D40C505}.Release|x64.ActiveCfg = Release|Any CPU
		{4E01C312-2803-421A-817F-8F7E3D40C505}.Release|x64.Build.0 = Release|Any CPU
		{4E01C312-2803-421A-817F-8F7E3D40C505}.Release|x86.ActiveCfg = Release|Any CPU
		{4E01C312-2803-421A-817F-8F7E3D40C505}.Release|x86.Build.0 = Release|Any CPU
	EndGlobalSection
	GlobalSection(SolutionProperties) = preSolution
		HideSolutionNode = FALSE
	EndGlobalSection
	GlobalSection(NestedProjects) = preSolution
		{1C90FC82-70B5-41FD-A910-DB61C2FAAB69} = {3568C54D-2FFE-44F5-82AF-EE7890E897EA}
		{E56B69DB-521E-4B39-B6DF-DF2228D88312} = {3568C54D-2FFE-44F5-82AF-EE7890E897EA}
	EndGlobalSection
EndGlobal
